
Microsoft Visual Studio Solution File, Format Version 12.00
# Visual Studio 15
VisualStudioVersion = 15.0.28307.572
MinimumVisualStudioVersion = 10.0.40219.1
Project("{FAE04EC0-301F-11D3-BF4B-00C04F79EFBC}") = "TestApp2.Android", "TestApp2\TestApp2.Android\TestApp2.Android.csproj", "{144CDA84-6BF2-42CD-A7CA-CA611A1894F0}"
EndProject
Project("{FAE04EC0-301F-11D3-BF4B-00C04F79EFBC}") = "TestApp2.iOS", "TestApp2\TestApp2.iOS\TestApp2.iOS.csproj", "{B7DFEBCD-EC67-4252-899F-08B6341CA9E9}"
EndProject
Project("{FAE04EC0-301F-11D3-BF4B-00C04F79EFBC}") = "TestApp2", "TestApp2\TestApp2\TestApp2.csproj", "{F8DF29CE-9DF1-49B8-A08E-971B59FF6934}"
EndProject
Global
	GlobalSection(SolutionConfigurationPlatforms) = preSolution
		Ad-Hoc|Any CPU = Ad-Hoc|Any CPU
		Ad-Hoc|iPhone = Ad-Hoc|iPhone
		Ad-Hoc|iPhoneSimulator = Ad-Hoc|iPhoneSimulator
		AppStore|Any CPU = AppStore|Any CPU
		AppStore|iPhone = AppStore|iPhone
		AppStore|iPhoneSimulator = AppStore|iPhoneSimulator
		Debug|Any CPU = Debug|Any CPU
		Debug|iPhone = Debug|iPhone
		Debug|iPhoneSimulator = Debug|iPhoneSimulator
		Release|Any CPU = Release|Any CPU
		Release|iPhone = Release|iPhone
		Release|iPhoneSimulator = Release|iPhoneSimulator
	EndGlobalSection
	GlobalSection(ProjectConfigurationPlatforms) = postSolution
		{144CDA84-6BF2-42CD-A7CA-CA611A1894F0}.Ad-Hoc|Any CPU.ActiveCfg = Release|Any CPU
		{144CDA84-6BF2-42CD-A7CA-CA611A1894F0}.Ad-Hoc|Any CPU.Build.0 = Release|Any CPU
		{144CDA84-6BF2-42CD-A7CA-CA611A1894F0}.Ad-Hoc|Any CPU.Deploy.0 = Release|Any CPU
		{144CDA84-6BF2-42CD-A7CA-CA611A1894F0}.Ad-Hoc|iPhone.ActiveCfg = Release|Any CPU
		{144CDA84-6BF2-42CD-A7CA-CA611A1894F0}.Ad-Hoc|iPhone.Build.0 = Release|Any CPU
		{144CDA84-6BF2-42CD-A7CA-CA611A1894F0}.Ad-Hoc|iPhone.Deploy.0 = Release|Any CPU
		{144CDA84-6BF2-42CD-A7CA-CA611A1894F0}.Ad-Hoc|iPhoneSimulator.ActiveCfg = Release|Any CPU
		{144CDA84-6BF2-42CD-A7CA-CA611A1894F0}.Ad-Hoc|iPhoneSimulator.Build.0 = Release|Any CPU
		{144CDA84-6BF2-42CD-A7CA-CA611A1894F0}.Ad-Hoc|iPhoneSimulator.Deploy.0 = Release|Any CPU
		{144CDA84-6BF2-42CD-A7CA-CA611A1894F0}.AppStore|Any CPU.ActiveCfg = Release|Any CPU
		{144CDA84-6BF2-42CD-A7CA-CA611A1894F0}.AppStore|Any CPU.Build.0 = Release|Any CPU
		{144CDA84-6BF2-42CD-A7CA-CA611A1894F0}.AppStore|Any CPU.Deploy.0 = Release|Any CPU
		{144CDA84-6BF2-42CD-A7CA-CA611A1894F0}.AppStore|iPhone.ActiveCfg = Release|Any CPU
		{144CDA84-6BF2-42CD-A7CA-CA611A1894F0}.AppStore|iPhone.Build.0 = Release|Any CPU
		{144CDA84-6BF2-42CD-A7CA-CA611A1894F0}.AppStore|iPhone.Deploy.0 = Release|Any CPU
		{144CDA84-6BF2-42CD-A7CA-CA611A1894F0}.AppStore|iPhoneSimulator.ActiveCfg = Release|Any CPU
		{144CDA84-6BF2-42CD-A7CA-CA611A1894F0}.AppStore|iPhoneSimulator.Build.0 = Release|Any CPU
		{144CDA84-6BF2-42CD-A7CA-CA611A1894F0}.AppStore|iPhoneSimulator.Deploy.0 = Release|Any CPU
		{144CDA84-6BF2-42CD-A7CA-CA611A1894F0}.Debug|Any CPU.ActiveCfg = Debug|Any CPU
		{144CDA84-6BF2-42CD-A7CA-CA611A1894F0}.Debug|Any CPU.Build.0 = Debug|Any CPU
		{144CDA84-6BF2-42CD-A7CA-CA611A1894F0}.Debug|Any CPU.Deploy.0 = Debug|Any CPU
		{144CDA84-6BF2-42CD-A7CA-CA611A1894F0}.Debug|iPhone.ActiveCfg = Debug|Any CPU
		{144CDA84-6BF2-42CD-A7CA-CA611A1894F0}.Debug|iPhone.Build.0 = Debug|Any CPU
		{144CDA84-6BF2-42CD-A7CA-CA611A1894F0}.Debug|iPhone.Deploy.0 = Debug|Any CPU
		{144CDA84-6BF2-42CD-A7CA-CA611A1894F0}.Debug|iPhoneSimulator.ActiveCfg = Debug|Any CPU
		{144CDA84-6BF2-42CD-A7CA-CA611A1894F0}.Debug|iPhoneSimulator.Build.0 = Debug|Any CPU
		{144CDA84-6BF2-42CD-A7CA-CA611A1894F0}.Debug|iPhoneSimulator.Deploy.0 = Debug|Any CPU
		{144CDA84-6BF2-42CD-A7CA-CA611A1894F0}.Release|Any CPU.ActiveCfg = Release|Any CPU
		{144CDA84-6BF2-42CD-A7CA-CA611A1894F0}.Release|Any CPU.Build.0 = Release|Any CPU
		{144CDA84-6BF2-42CD-A7CA-CA611A1894F0}.Release|Any CPU.Deploy.0 = Release|Any CPU
		{144CDA84-6BF2-42CD-A7CA-CA611A1894F0}.Release|iPhone.ActiveCfg = Release|Any CPU
		{144CDA84-6BF2-42CD-A7CA-CA611A1894F0}.Release|iPhone.Build.0 = Release|Any CPU
		{144CDA84-6BF2-42CD-A7CA-CA611A1894F0}.Release|iPhone.Deploy.0 = Release|Any CPU
		{144CDA84-6BF2-42CD-A7CA-CA611A1894F0}.Release|iPhoneSimulator.ActiveCfg = Release|Any CPU
		{144CDA84-6BF2-42CD-A7CA-CA611A1894F0}.Release|iPhoneSimulator.Build.0 = Release|Any CPU
		{144CDA84-6BF2-42CD-A7CA-CA611A1894F0}.Release|iPhoneSimulator.Deploy.0 = Release|Any CPU
		{B7DFEBCD-EC67-4252-899F-08B6341CA9E9}.Ad-Hoc|Any CPU.ActiveCfg = Ad-Hoc|iPhone
		{B7DFEBCD-EC67-4252-899F-08B6341CA9E9}.Ad-Hoc|Any CPU.Build.0 = Ad-Hoc|iPhone
		{B7DFEBCD-EC67-4252-899F-08B6341CA9E9}.Ad-Hoc|Any CPU.Deploy.0 = Ad-Hoc|iPhone
		{B7DFEBCD-EC67-4252-899F-08B6341CA9E9}.Ad-Hoc|iPhone.ActiveCfg = Ad-Hoc|iPhone
		{B7DFEBCD-EC67-4252-899F-08B6341CA9E9}.Ad-Hoc|iPhone.Build.0 = Ad-Hoc|iPhone
		{B7DFEBCD-EC67-4252-899F-08B6341CA9E9}.Ad-Hoc|iPhone.Deploy.0 = Ad-Hoc|iPhone
		{B7DFEBCD-EC67-4252-899F-08B6341CA9E9}.Ad-Hoc|iPhoneSimulator.ActiveCfg = Ad-Hoc|iPhoneSimulator
		{B7DFEBCD-EC67-4252-899F-08B6341CA9E9}.Ad-Hoc|iPhoneSimulator.Build.0 = Ad-Hoc|iPhoneSimulator
		{B7DFEBCD-EC67-4252-899F-08B6341CA9E9}.Ad-Hoc|iPhoneSimulator.Deploy.0 = Ad-Hoc|iPhoneSimulator
		{B7DFEBCD-EC67-4252-899F-08B6341CA9E9}.AppStore|Any CPU.ActiveCfg = AppStore|iPhone
		{B7DFEBCD-EC67-4252-899F-08B6341CA9E9}.AppStore|Any CPU.Build.0 = AppStore|iPhone
		{B7DFEBCD-EC67-4252-899F-08B6341CA9E9}.AppStore|Any CPU.Deploy.0 = AppStore|iPhone
		{B7DFEBCD-EC67-4252-899F-08B6341CA9E9}.AppStore|iPhone.ActiveCfg = AppStore|iPhone
		{B7DFEBCD-EC67-4252-899F-08B6341CA9E9}.AppStore|iPhone.Build.0 = AppStore|iPhone
		{B7DFEBCD-EC67-4252-899F-08B6341CA9E9}.AppStore|iPhone.Deploy.0 = AppStore|iPhone
		{B7DFEBCD-EC67-4252-899F-08B6341CA9E9}.AppStore|iPhoneSimulator.ActiveCfg = AppStore|iPhoneSimulator
		{B7DFEBCD-EC67-4252-899F-08B6341CA9E9}.AppStore|iPhoneSimulator.Build.0 = AppStore|iPhoneSimulator
		{B7DFEBCD-EC67-4252-899F-08B6341CA9E9}.AppStore|iPhoneSimulator.Deploy.0 = AppStore|iPhoneSimulator
		{B7DFEBCD-EC67-4252-899F-08B6341CA9E9}.Debug|Any CPU.ActiveCfg = Debug|iPhoneSimulator
		{B7DFEBCD-EC67-4252-899F-08B6341CA9E9}.Debug|Any CPU.Build.0 = Debug|iPhoneSimulator
		{B7DFEBCD-EC67-4252-899F-08B6341CA9E9}.Debug|Any CPU.Deploy.0 = Debug|iPhoneSimulator
		{B7DFEBCD-EC67-4252-899F-08B6341CA9E9}.Debug|iPhone.ActiveCfg = Debug|iPhone
		{B7DFEBCD-EC67-4252-899F-08B6341CA9E9}.Debug|iPhone.Build.0 = Debug|iPhone
		{B7DFEBCD-EC67-4252-899F-08B6341CA9E9}.Debug|iPhone.Deploy.0 = Debug|iPhone
		{B7DFEBCD-EC67-4252-899F-08B6341CA9E9}.Debug|iPhoneSimulator.ActiveCfg = Debug|iPhoneSimulator
		{B7DFEBCD-EC67-4252-899F-08B6341CA9E9}.Debug|iPhoneSimulator.Build.0 = Debug|iPhoneSimulator
		{B7DFEBCD-EC67-4252-899F-08B6341CA9E9}.Debug|iPhoneSimulator.Deploy.0 = Debug|iPhoneSimulator
		{B7DFEBCD-EC67-4252-899F-08B6341CA9E9}.Release|Any CPU.ActiveCfg = Release|iPhone
		{B7DFEBCD-EC67-4252-899F-08B6341CA9E9}.Release|Any CPU.Build.0 = Release|iPhone
		{B7DFEBCD-EC67-4252-899F-08B6341CA9E9}.Release|Any CPU.Deploy.0 = Release|iPhone
		{B7DFEBCD-EC67-4252-899F-08B6341CA9E9}.Release|iPhone.ActiveCfg = Release|iPhone
		{B7DFEBCD-EC67-4252-899F-08B6341CA9E9}.Release|iPhone.Build.0 = Release|iPhone
		{B7DFEBCD-EC67-4252-899F-08B6341CA9E9}.Release|iPhone.Deploy.0 = Release|iPhone
		{B7DFEBCD-EC67-4252-899F-08B6341CA9E9}.Release|iPhoneSimulator.ActiveCfg = Release|iPhoneSimulator
		{B7DFEBCD-EC67-4252-899F-08B6341CA9E9}.Release|iPhoneSimulator.Build.0 = Release|iPhoneSimulator
		{B7DFEBCD-EC67-4252-899F-08B6341CA9E9}.Release|iPhoneSimulator.Deploy.0 = Release|iPhoneSimulator
		{F8DF29CE-9DF1-49B8-A08E-971B59FF6934}.Ad-Hoc|Any CPU.ActiveCfg = Debug|Any CPU
		{F8DF29CE-9DF1-49B8-A08E-971B59FF6934}.Ad-Hoc|Any CPU.Build.0 = Debug|Any CPU
		{F8DF29CE-9DF1-49B8-A08E-971B59FF6934}.Ad-Hoc|Any CPU.Deploy.0 = Debug|Any CPU
		{F8DF29CE-9DF1-49B8-A08E-971B59FF6934}.Ad-Hoc|iPhone.ActiveCfg = Debug|Any CPU
		{F8DF29CE-9DF1-49B8-A08E-971B59FF6934}.Ad-Hoc|iPhone.Build.0 = Debug|Any CPU
		{F8DF29CE-9DF1-49B8-A08E-971B59FF6934}.Ad-Hoc|iPhone.Deploy.0 = Debug|Any CPU
		{F8DF29CE-9DF1-49B8-A08E-971B59FF6934}.Ad-Hoc|iPhoneSimulator.ActiveCfg = Debug|Any CPU
		{F8DF29CE-9DF1-49B8-A08E-971B59FF6934}.Ad-Hoc|iPhoneSimulator.Build.0 = Debug|Any CPU
		{F8DF29CE-9DF1-49B8-A08E-971B59FF6934}.Ad-Hoc|iPhoneSimulator.Deploy.0 = Debug|Any CPU
		{F8DF29CE-9DF1-49B8-A08E-971B59FF6934}.AppStore|Any CPU.ActiveCfg = Debug|Any CPU
		{F8DF29CE-9DF1-49B8-A08E-971B59FF6934}.AppStore|Any CPU.Build.0 = Debug|Any CPU
		{F8DF29CE-9DF1-49B8-A08E-971B59FF6934}.AppStore|Any CPU.Deploy.0 = Debug|Any CPU
		{F8DF29CE-9DF1-49B8-A08E-971B59FF6934}.AppStore|iPhone.ActiveCfg = Debug|Any CPU
		{F8DF29CE-9DF1-49B8-A08E-971B59FF6934}.AppStore|iPhone.Build.0 = Debug|Any CPU
		{F8DF29CE-9DF1-49B8-A08E-971B59FF6934}.AppStore|iPhone.Deploy.0 = Debug|Any CPU
		{F8DF29CE-9DF1-49B8-A08E-971B59FF6934}.AppStore|iPhoneSimulator.ActiveCfg = Debug|Any CPU
		{F8DF29CE-9DF1-49B8-A08E-971B59FF6934}.AppStore|iPhoneSimulator.Build.0 = Debug|Any CPU
		{F8DF29CE-9DF1-49B8-A08E-971B59FF6934}.AppStore|iPhoneSimulator.Deploy.0 = Debug|Any CPU
		{F8DF29CE-9DF1-49B8-A08E-971B59FF6934}.Debug|Any CPU.ActiveCfg = Debug|Any CPU
		{F8DF29CE-9DF1-49B8-A08E-971B59FF6934}.Debug|Any CPU.Build.0 = Debug|Any CPU
		{F8DF29CE-9DF1-49B8-A08E-971B59FF6934}.Debug|Any CPU.Deploy.0 = Debug|Any CPU
		{F8DF29CE-9DF1-49B8-A08E-971B59FF6934}.Debug|iPhone.ActiveCfg = Debug|Any CPU
		{F8DF29CE-9DF1-49B8-A08E-971B59FF6934}.Debug|iPhone.Build.0 = Debug|Any CPU
		{F8DF29CE-9DF1-49B8-A08E-971B59FF6934}.Debug|iPhone.Deploy.0 = Debug|Any CPU
		{F8DF29CE-9DF1-49B8-A08E-971B59FF6934}.Debug|iPhoneSimulator.ActiveCfg = Debug|Any CPU
		{F8DF29CE-9DF1-49B8-A08E-971B59FF6934}.Debug|iPhoneSimulator.Build.0 = Debug|Any CPU
		{F8DF29CE-9DF1-49B8-A08E-971B59FF6934}.Debug|iPhoneSimulator.Deploy.0 = Debug|Any CPU
		{F8DF29CE-9DF1-49B8-A08E-971B59FF6934}.Release|Any CPU.ActiveCfg = Release|Any CPU
		{F8DF29CE-9DF1-49B8-A08E-971B59FF6934}.Release|Any CPU.Build.0 = Release|Any CPU
		{F8DF29CE-9DF1-49B8-A08E-971B59FF6934}.Release|Any CPU.Deploy.0 = Release|Any CPU
		{F8DF29CE-9DF1-49B8-A08E-971B59FF6934}.Release|iPhone.ActiveCfg = Release|Any CPU
		{F8DF29CE-9DF1-49B8-A08E-971B59FF6934}.Release|iPhone.Build.0 = Release|Any CPU
		{F8DF29CE-9DF1-49B8-A08E-971B59FF6934}.Release|iPhone.Deploy.0 = Release|Any CPU
		{F8DF29CE-9DF1-49B8-A08E-971B59FF6934}.Release|iPhoneSimulator.ActiveCfg = Release|Any CPU
		{F8DF29CE-9DF1-49B8-A08E-971B59FF6934}.Release|iPhoneSimulator.Build.0 = Release|Any CPU
		{F8DF29CE-9DF1-49B8-A08E-971B59FF6934}.Release|iPhoneSimulator.Deploy.0 = Release|Any CPU
	EndGlobalSection
	GlobalSection(SolutionProperties) = preSolution
		HideSolutionNode = FALSE
	EndGlobalSection
	GlobalSection(ExtensibilityGlobals) = postSolution
		SolutionGuid = {EC74055D-5A3B-40E5-9B50-27B0CDF0238F}
	EndGlobalSection
EndGlobal
